
Microsoft Visual Studio Solution File, Format Version 12.00
# Visual Studio Version 17
VisualStudioVersion = 17.3.32922.545
MinimumVisualStudioVersion = 10.0.40219.1
Project("{9A19103F-16F7-4668-BE54-9A1E7A4F7556}") = "LearnEnglish", "LearnEnglish.csproj", "{9BD0C146-0ED5-41B0-8FAB-4C8B94F54BBF}"
EndProject
Project("{FAE04EC0-301F-11D3-BF4B-00C04F79EFBC}") = "LearnEnglish.Redis", "..\LearnEnglish.Redis\LearnEnglish.Redis.csproj", "{4860DF63-9F63-4E05-8C0B-9A1AC2906D83}"
EndProject
Global
	GlobalSection(SolutionConfigurationPlatforms) = preSolution
		Debug|Any CPU = Debug|Any CPU
		Debug|x64 = Debug|x64
		Release|Any CPU = Release|Any CPU
		Release|x64 = Release|x64
	EndGlobalSection
	GlobalSection(ProjectConfigurationPlatforms) = postSolution
		{9BD0C146-0ED5-41B0-8FAB-4C8B94F54BBF}.Debug|Any CPU.ActiveCfg = Debug|Any CPU
		{9BD0C146-0ED5-41B0-8FAB-4C8B94F54BBF}.Debug|Any CPU.Build.0 = Debug|Any CPU
		{9BD0C146-0ED5-41B0-8FAB-4C8B94F54BBF}.Debug|x64.ActiveCfg = Debug|x64
		{9BD0C146-0ED5-41B0-8FAB-4C8B94F54BBF}.Debug|x64.Build.0 = Debug|x64
		{9BD0C146-0ED5-41B0-8FAB-4C8B94F54BBF}.Release|Any CPU.ActiveCfg = Release|Any CPU
		{9BD0C146-0ED5-41B0-8FAB-4C8B94F54BBF}.Release|Any CPU.Build.0 = Release|Any CPU
		{9BD0C146-0ED5-41B0-8FAB-4C8B94F54BBF}.Release|x64.ActiveCfg = Release|x64
		{9BD0C146-0ED5-41B0-8FAB-4C8B94F54BBF}.Release|x64.Build.0 = Release|x64
		{4860DF63-9F63-4E05-8C0B-9A1AC2906D83}.Debug|Any CPU.ActiveCfg = Debug|Any CPU
		{4860DF63-9F63-4E05-8C0B-9A1AC2906D83}.Debug|Any CPU.Build.0 = Debug|Any CPU
		{4860DF63-9F63-4E05-8C0B-9A1AC2906D83}.Debug|x64.ActiveCfg = Debug|Any CPU
		{4860DF63-9F63-4E05-8C0B-9A1AC2906D83}.Debug|x64.Build.0 = Debug|Any CPU
		{4860DF63-9F63-4E05-8C0B-9A1AC2906D83}.Release|Any CPU.ActiveCfg = Release|Any CPU
		{4860DF63-9F63-4E05-8C0B-9A1AC2906D83}.Release|Any CPU.Build.0 = Release|Any CPU
		{4860DF63-9F63-4E05-8C0B-9A1AC2906D83}.Release|x64.ActiveCfg = Release|Any CPU
		{4860DF63-9F63-4E05-8C0B-9A1AC2906D83}.Release|x64.Build.0 = Release|Any CPU
	EndGlobalSection
	GlobalSection(SolutionProperties) = preSolution
		HideSolutionNode = FALSE
	EndGlobalSection
	GlobalSection(ExtensibilityGlobals) = postSolution
		SolutionGuid = {B767C52F-BE5C-4E3D-88A0-544CBE740FA4}
	EndGlobalSection
EndGlobal
